
Microsoft Visual Studio Solution File, Format Version 12.00
# Visual Studio 15
VisualStudioVersion = 15.0.27703.2018
MinimumVisualStudioVersion = 10.0.40219.1
Project("{8BC9CEB8-8B4A-11D0-8D11-00A0C91BC942}") = "INS_PLUS", "INS_PLUS\INS_PLUS.vcxproj", "{856CF634-5A13-4E26-92F9-CCCC36A707E5}"
EndProject
Global
	GlobalSection(SolutionConfigurationPlatforms) = preSolution
		Debug|x64 = Debug|x64
		Debug|x86 = Debug|x86
		Release|x64 = Release|x64
		Release|x86 = Release|x86
	EndGlobalSection
	GlobalSection(ProjectConfigurationPlatforms) = postSolution
		{856CF634-5A13-4E26-92F9-CCCC36A707E5}.Debug|x64.ActiveCfg = Debug|x64
		{856CF634-5A13-4E26-92F9-CCCC36A707E5}.Debug|x64.Build.0 = Debug|x64
		{856CF634-5A13-4E26-92F9-CCCC36A707E5}.Debug|x86.ActiveCfg = Debug|Win32
		{856CF634-5A13-4E26-92F9-CCCC36A707E5}.Debug|x86.Build.0 = Debug|Win32
		{856CF634-5A13-4E26-92F9-CCCC36A707E5}.Release|x64.ActiveCfg = Release|x64
		{856CF634-5A13-4E26-92F9-CCCC36A707E5}.Release|x64.Build.0 = Release|x64
		{856CF634-5A13-4E26-92F9-CCCC36A707E5}.Release|x86.ActiveCfg = Release|Win32
		{856CF634-5A13-4E26-92F9-CCCC36A707E5}.Release|x86.Build.0 = Release|Win32
	EndGlobalSection
	GlobalSection(SolutionProperties) = preSolution
		HideSolutionNode = FALSE
	EndGlobalSection
	GlobalSection(ExtensibilityGlobals) = postSolution
		SolutionGuid = {53BD77F6-D93C-4F01-860F-CB40BCF6C1B4}
	EndGlobalSection
EndGlobal
